
Microsoft Visual Studio Solution File, Format Version 12.00
# Visual Studio Version 17
VisualStudioVersion = 17.8.34330.188
MinimumVisualStudioVersion = 10.0.40219.1
Project("{9A19103F-16F7-4668-BE54-9A1E7A4F7556}") = "Recipe", "Recipe\Recipe.csproj", "{D2D7BC92-EA3D-4EFF-B33B-74600CE6188F}"
EndProject
Project("{9A19103F-16F7-4668-BE54-9A1E7A4F7556}") = "TestProject1", "TestProject1\TestProject1.csproj", "{A22C1F03-14BE-41FF-88E0-9D7B0DAFBADB}"
EndProject
Global
	GlobalSection(SolutionConfigurationPlatforms) = preSolution
		Debug|Any CPU = Debug|Any CPU
		Release|Any CPU = Release|Any CPU
	EndGlobalSection
	GlobalSection(ProjectConfigurationPlatforms) = postSolution
		{D2D7BC92-EA3D-4EFF-B33B-74600CE6188F}.Debug|Any CPU.ActiveCfg = Debug|Any CPU
		{D2D7BC92-EA3D-4EFF-B33B-74600CE6188F}.Debug|Any CPU.Build.0 = Debug|Any CPU
		{D2D7BC92-EA3D-4EFF-B33B-74600CE6188F}.Release|Any CPU.ActiveCfg = Release|Any CPU
		{D2D7BC92-EA3D-4EFF-B33B-74600CE6188F}.Release|Any CPU.Build.0 = Release|Any CPU
		{A22C1F03-14BE-41FF-88E0-9D7B0DAFBADB}.Debug|Any CPU.ActiveCfg = Debug|Any CPU
		{A22C1F03-14BE-41FF-88E0-9D7B0DAFBADB}.Debug|Any CPU.Build.0 = Debug|Any CPU
		{A22C1F03-14BE-41FF-88E0-9D7B0DAFBADB}.Release|Any CPU.ActiveCfg = Release|Any CPU
		{A22C1F03-14BE-41FF-88E0-9D7B0DAFBADB}.Release|Any CPU.Build.0 = Release|Any CPU
	EndGlobalSection
	GlobalSection(SolutionProperties) = preSolution
		HideSolutionNode = FALSE
	EndGlobalSection
	GlobalSection(ExtensibilityGlobals) = postSolution
		SolutionGuid = {B5A979F9-CF43-422E-AE61-F556CAC8F2B9}
	EndGlobalSection
EndGlobal
